// !$*UTF8*$!
{
	archiveVersion = 1;
	classes = {
	};
	objectVersion = 46;
	objects = {

/* Begin PBXFileReference section */
		22C5486014BF253200C12F29 /* libdpj-utils.a */ = {isa = PBXFileReference; explicitFileType = archive.ar; includeInIndex = 0; path = "libdpj-utils.a"; sourceTree = BUILT_PRODUCTS_DIR; };
/* End PBXFileReference section */

/* Begin PBXFrameworksBuildPhase section */
		22C5485D14BF253200C12F29 /* Frameworks */ = {
			isa = PBXFrameworksBuildPhase;
			buildActionMask = 2147483647;
			files = (
			);
			runOnlyForDeploymentPostprocessing = 0;
		};
/* End PBXFrameworksBuildPhase section */

/* Begin PBXGroup section */
		22C5485514BF253200C12F29 = {
			isa = PBXGroup;
			children = (
				22C5486114BF253200C12F29 /* Products */,
			);
			sourceTree = "<group>";
		};
		22C5486114BF253200C12F29 /* Products */ = {
			isa = PBXGroup;
			children = (
				22C5486014BF253200C12F29 /* libdpj-utils.a */,
			);
			name = Products;
			sourceTree = "<group>";
		};
/* End PBXGroup section */

/* Begin PBXHeadersBuildPhase section */
		22C5485E14BF253200C12F29 /* Headers */ = {
			isa = PBXHeadersBuildPhase;
			buildActionMask = 2147483647;
			files = (
			);
			runOnlyForDeploymentPostprocessing = 0;
		};
/* End PBXHeadersBuildPhase section */

/* Begin PBXNativeTarget section */
		22C5485F14BF253200C12F29 /* dpj-utils */ = {
			isa = PBXNativeTarget;
			buildConfigurationList = 22C5486414BF253200C12F29 /* Build configuration list for PBXNativeTarget "dpj-utils" */;
			buildPhases = (
				22C5485C14BF253200C12F29 /* Sources */,
				22C5485D14BF253200C12F29 /* Frameworks */,
				22C5485E14BF253200C12F29 /* Headers */,
			);
			buildRules = (
			);
			dependencies = (
			);
			name = "dpj-utils";
			productName = "dpj-utils";
			productReference = 22C5486014BF253200C12F29 /* libdpj-utils.a */;
			productType = "com.apple.product-type.library.static";
		};
/* End PBXNativeTarget section */

/* Begin PBXProject section */
		22C5485714BF253200C12F29 /* Project object */ = {
			isa = PBXProject;
			attributes = {
				LastUpgradeCheck = 0420;
				ORGANIZATIONNAME = deltadev.co.uk;
			};
			buildConfigurationList = 22C5485A14BF253200C12F29 /* Build configuration list for PBXProject "dpj-utils" */;
			compatibilityVersion = "Xcode 3.2";
			developmentRegion = English;
			hasScannedForEncodings = 0;
			knownRegions = (
				en,
			);
			mainGroup = 22C5485514BF253200C12F29;
			productRefGroup = 22C5486114BF253200C12F29 /* Products */;
			projectDirPath = "";
			projectRoot = "";
			targets = (
				22C5485F14BF253200C12F29 /* dpj-utils */,
			);
		};
/* End PBXProject section */

/* Begin PBXSourcesBuildPhase section */
		22C5485C14BF253200C12F29 /* Sources */ = {
			isa = PBXSourcesBuildPhase;
			buildActionMask = 2147483647;
			files = (
			);
			runOnlyForDeploymentPostprocessing = 0;
		};
/* End PBXSourcesBuildPhase section */

/* Begin XCBuildConfiguration section */
		22C5486214BF253200C12F29 /* Debug */ = {
			isa = XCBuildConfiguration;
			buildSettings = {
				ALWAYS_SEARCH_USER_PATHS = NO;
				ARCHS = "$(ARCHS_STANDARD_64_BIT)";
				COPY_PHASE_STRIP = NO;
				GCC_C_LANGUAGE_STANDARD = gnu99;
				GCC_DYNAMIC_NO_PIC = NO;
				GCC_ENABLE_OBJC_EXCEPTIONS = YES;
				GCC_OPTIMIZATION_LEVEL = 0;
				GCC_PREPROCESSOR_DEFINITIONS = (
					"DEBUG=1",
					"$(inherited)",
				);
				GCC_SYMBOLS_PRIVATE_EXTERN = NO;
				GCC_VERSION = com.apple.compilers.llvm.clang.1_0;
				GCC_WARN_64_TO_32_BIT_CONVERSION = YES;
				GCC_WARN_ABOUT_MISSING_PROTOTYPES = YES;
				GCC_WARN_ABOUT_RETURN_TYPE = YES;
				GCC_WARN_UNUSED_VARIABLE = YES;
				MACOSX_DEPLOYMENT_TARGET = 10.7;
				ONLY_ACTIVE_ARCH = YES;
				SDKROOT = macosx;
			};
			name = Debug;
		};
		22C5486314BF253200C12F29 /* Release */ = {
			isa = XCBuildConfiguration;
			buildSettings = {
				ALWAYS_SEARCH_USER_PATHS = NO;
				ARCHS = "$(ARCHS_STANDARD_64_BIT)";
				COPY_PHASE_STRIP = YES;
				DEBUG_INFORMATION_FORMAT = "dwarf-with-dsym";
				GCC_C_LANGUAGE_STANDARD = gnu99;
				GCC_ENABLE_OBJC_EXCEPTIONS = YES;
				GCC_VERSION = com.apple.compilers.llvm.clang.1_0;
				GCC_WARN_64_TO_32_BIT_CONVERSION = YES;
				GCC_WARN_ABOUT_MISSING_PROTOTYPES = YES;
				GCC_WARN_ABOUT_RETURN_TYPE = YES;
				GCC_WARN_UNUSED_VARIABLE = YES;
				MACOSX_DEPLOYMENT_TARGET = 10.7;
				SDKROOT = macosx;
			};
			name = Release;
		};
		22C5486514BF253200C12F29 /* Debug */ = {
			isa = XCBuildConfiguration;
			buildSettings = {
				EXECUTABLE_PREFIX = lib;
				PRODUCT_NAME = "$(TARGET_NAME)";
			};
			name = Debug;
		};
		22C5486614BF253200C12F29 /* Release */ = {
			isa = XCBuildConfiguration;
			buildSettings = {
				EXECUTABLE_PREFIX = lib;
				PRODUCT_NAME = "$(TARGET_NAME)";
			};
			name = Release;
		};
/* End XCBuildConfiguration section */

/* Begin XCConfigurationList section */
		22C5485A14BF253200C12F29 /* Build configuration list for PBXProject "dpj-utils" */ = {
			isa = XCConfigurationList;
			buildConfigurations = (
				22C5486214BF253200C12F29 /* Debug */,
				22C5486314BF253200C12F29 /* Release */,
			);
			defaultConfigurationIsVisible = 0;
			defaultConfigurationName = Release;
		};
		22C5486414BF253200C12F29 /* Build configuration list for PBXNativeTarget "dpj-utils" */ = {
			isa = XCConfigurationList;
			buildConfigurations = (
				22C5486514BF253200C12F29 /* Debug */,
				22C5486614BF253200C12F29 /* Release */,
			);
			defaultConfigurationIsVisible = 0;
		};
/* End XCConfigurationList section */
	};
	rootObject = 22C5485714BF253200C12F29 /* Project object */;
}
