// !$*UTF8*$!
{
	archiveVersion = 1;
	classes = {
	};
	objectVersion = 46;
	objects = {

/* Begin PBXBuildFile section */
		2212210114BF47EE0048C399 /* Utils.h in CopyFiles */ = {isa = PBXBuildFile; fileRef = 22C5486814BF25A000C12F29 /* Utils.h */; };
		2274FC7D16FA8CA3001FE84B /* histogram.hpp in Headers */ = {isa = PBXBuildFile; fileRef = 2274FC7C16FA8CA3001FE84B /* histogram.hpp */; };
		2274FC7F16FA8CD6001FE84B /* prettyprint.hpp in Headers */ = {isa = PBXBuildFile; fileRef = 2274FC7E16FA8CD6001FE84B /* prettyprint.hpp */; };
		22C5486A14BF25A000C12F29 /* Utils.cpp in Sources */ = {isa = PBXBuildFile; fileRef = 22C5486714BF25A000C12F29 /* Utils.cpp */; };
		22C5486B14BF25A000C12F29 /* Utils.h in Headers */ = {isa = PBXBuildFile; fileRef = 22C5486814BF25A000C12F29 /* Utils.h */; };
		22C5487514BF25E900C12F29 /* main.cpp in Sources */ = {isa = PBXBuildFile; fileRef = 22C5487414BF25E900C12F29 /* main.cpp */; };
		22C5487714BF25E900C12F29 /* utils_tests.1 in CopyFiles */ = {isa = PBXBuildFile; fileRef = 22C5487614BF25E900C12F29 /* utils_tests.1 */; };
		22C5487B14BF25FC00C12F29 /* libdpj-utils.a in Frameworks */ = {isa = PBXBuildFile; fileRef = 22C5486014BF253200C12F29 /* libdpj-utils.a */; };
		22DD8EDF14DFFA0F00AB16B6 /* Utils.hpp in Headers */ = {isa = PBXBuildFile; fileRef = 22DD8EDE14DFFA0F00AB16B6 /* Utils.hpp */; };
		22DD8EE214DFFF9900AB16B6 /* tests.h in Headers */ = {isa = PBXBuildFile; fileRef = 22DD8EE114DFFF9900AB16B6 /* tests.h */; };
		22DD8EE414E001D900AB16B6 /* tests.cpp in Sources */ = {isa = PBXBuildFile; fileRef = 22DD8EE314E001D900AB16B6 /* tests.cpp */; };
		22DD8EE514E011EF00AB16B6 /* Utils.hpp in CopyFiles */ = {isa = PBXBuildFile; fileRef = 22DD8EDE14DFFA0F00AB16B6 /* Utils.hpp */; };
/* End PBXBuildFile section */

/* Begin PBXContainerItemProxy section */
		22DD8EE614E0123200AB16B6 /* PBXContainerItemProxy */ = {
			isa = PBXContainerItemProxy;
			containerPortal = 22C5485714BF253200C12F29 /* Project object */;
			proxyType = 1;
			remoteGlobalIDString = 22C5485F14BF253200C12F29;
			remoteInfo = "dpj-utils";
		};
/* End PBXContainerItemProxy section */

/* Begin PBXCopyFilesBuildPhase section */
		221220FF14BF47DF0048C399 /* CopyFiles */ = {
			isa = PBXCopyFilesBuildPhase;
			buildActionMask = 2147483647;
			dstPath = include;
			dstSubfolderSpec = 16;
			files = (
				22DD8EE514E011EF00AB16B6 /* Utils.hpp in CopyFiles */,
				2212210114BF47EE0048C399 /* Utils.h in CopyFiles */,
			);
			runOnlyForDeploymentPostprocessing = 0;
		};
		22C5486F14BF25E900C12F29 /* CopyFiles */ = {
			isa = PBXCopyFilesBuildPhase;
			buildActionMask = 2147483647;
			dstPath = /usr/share/man/man1/;
			dstSubfolderSpec = 0;
			files = (
				22C5487714BF25E900C12F29 /* utils_tests.1 in CopyFiles */,
			);
			runOnlyForDeploymentPostprocessing = 1;
		};
/* End PBXCopyFilesBuildPhase section */

/* Begin PBXFileReference section */
		2274FC7C16FA8CA3001FE84B /* histogram.hpp */ = {isa = PBXFileReference; fileEncoding = 4; lastKnownFileType = sourcecode.cpp.h; path = histogram.hpp; sourceTree = "<group>"; };
		2274FC7E16FA8CD6001FE84B /* prettyprint.hpp */ = {isa = PBXFileReference; fileEncoding = 4; lastKnownFileType = sourcecode.cpp.h; path = prettyprint.hpp; sourceTree = "<group>"; };
		22C5486014BF253200C12F29 /* libdpj-utils.a */ = {isa = PBXFileReference; explicitFileType = archive.ar; includeInIndex = 0; path = "libdpj-utils.a"; sourceTree = BUILT_PRODUCTS_DIR; };
		22C5486714BF25A000C12F29 /* Utils.cpp */ = {isa = PBXFileReference; fileEncoding = 4; lastKnownFileType = sourcecode.cpp.cpp; path = Utils.cpp; sourceTree = "<group>"; };
		22C5486814BF25A000C12F29 /* Utils.h */ = {isa = PBXFileReference; fileEncoding = 4; lastKnownFileType = sourcecode.c.h; path = Utils.h; sourceTree = "<group>"; };
		22C5487114BF25E900C12F29 /* utils-tests */ = {isa = PBXFileReference; explicitFileType = "compiled.mach-o.executable"; includeInIndex = 0; path = "utils-tests"; sourceTree = BUILT_PRODUCTS_DIR; };
		22C5487414BF25E900C12F29 /* main.cpp */ = {isa = PBXFileReference; lastKnownFileType = sourcecode.cpp.cpp; path = main.cpp; sourceTree = "<group>"; };
		22C5487614BF25E900C12F29 /* utils_tests.1 */ = {isa = PBXFileReference; lastKnownFileType = text.man; path = utils_tests.1; sourceTree = "<group>"; };
		22DD8EDE14DFFA0F00AB16B6 /* Utils.hpp */ = {isa = PBXFileReference; fileEncoding = 4; lastKnownFileType = sourcecode.cpp.h; path = Utils.hpp; sourceTree = "<group>"; };
		22DD8EE114DFFF9900AB16B6 /* tests.h */ = {isa = PBXFileReference; fileEncoding = 4; lastKnownFileType = sourcecode.c.h; path = tests.h; sourceTree = "<group>"; };
		22DD8EE314E001D900AB16B6 /* tests.cpp */ = {isa = PBXFileReference; fileEncoding = 4; lastKnownFileType = sourcecode.cpp.cpp; path = tests.cpp; sourceTree = "<group>"; };
/* End PBXFileReference section */

/* Begin PBXFrameworksBuildPhase section */
		22C5485D14BF253200C12F29 /* Frameworks */ = {
			isa = PBXFrameworksBuildPhase;
			buildActionMask = 2147483647;
			files = (
			);
			runOnlyForDeploymentPostprocessing = 0;
		};
		22C5486E14BF25E900C12F29 /* Frameworks */ = {
			isa = PBXFrameworksBuildPhase;
			buildActionMask = 2147483647;
			files = (
				22C5487B14BF25FC00C12F29 /* libdpj-utils.a in Frameworks */,
			);
			runOnlyForDeploymentPostprocessing = 0;
		};
/* End PBXFrameworksBuildPhase section */

/* Begin PBXGroup section */
		22C5485514BF253200C12F29 = {
			isa = PBXGroup;
			children = (
				2274FC7E16FA8CD6001FE84B /* prettyprint.hpp */,
				2274FC7C16FA8CA3001FE84B /* histogram.hpp */,
				22DD8EDE14DFFA0F00AB16B6 /* Utils.hpp */,
				22C5486714BF25A000C12F29 /* Utils.cpp */,
				22C5486814BF25A000C12F29 /* Utils.h */,
				22C5487314BF25E900C12F29 /* utils-tests */,
				22C5486114BF253200C12F29 /* Products */,
			);
			sourceTree = "<group>";
		};
		22C5486114BF253200C12F29 /* Products */ = {
			isa = PBXGroup;
			children = (
				22C5486014BF253200C12F29 /* libdpj-utils.a */,
				22C5487114BF25E900C12F29 /* utils-tests */,
			);
			name = Products;
			sourceTree = "<group>";
		};
		22C5487314BF25E900C12F29 /* utils-tests */ = {
			isa = PBXGroup;
			children = (
				22C5487414BF25E900C12F29 /* main.cpp */,
				22C5487614BF25E900C12F29 /* utils_tests.1 */,
				22DD8EE114DFFF9900AB16B6 /* tests.h */,
				22DD8EE314E001D900AB16B6 /* tests.cpp */,
			);
			path = "utils-tests";
			sourceTree = "<group>";
		};
/* End PBXGroup section */

/* Begin PBXHeadersBuildPhase section */
		22C5485E14BF253200C12F29 /* Headers */ = {
			isa = PBXHeadersBuildPhase;
			buildActionMask = 2147483647;
			files = (
				22C5486B14BF25A000C12F29 /* Utils.h in Headers */,
				22DD8EDF14DFFA0F00AB16B6 /* Utils.hpp in Headers */,
				22DD8EE214DFFF9900AB16B6 /* tests.h in Headers */,
				2274FC7D16FA8CA3001FE84B /* histogram.hpp in Headers */,
				2274FC7F16FA8CD6001FE84B /* prettyprint.hpp in Headers */,
			);
			runOnlyForDeploymentPostprocessing = 0;
		};
/* End PBXHeadersBuildPhase section */

/* Begin PBXNativeTarget section */
		22C5485F14BF253200C12F29 /* dpj-utils */ = {
			isa = PBXNativeTarget;
			buildConfigurationList = 22C5486414BF253200C12F29 /* Build configuration list for PBXNativeTarget "dpj-utils" */;
			buildPhases = (
				22C5485C14BF253200C12F29 /* Sources */,
				22C5485D14BF253200C12F29 /* Frameworks */,
				22C5485E14BF253200C12F29 /* Headers */,
				221220FF14BF47DF0048C399 /* CopyFiles */,
			);
			buildRules = (
			);
			dependencies = (
			);
			name = "dpj-utils";
			productName = "dpj-utils";
			productReference = 22C5486014BF253200C12F29 /* libdpj-utils.a */;
			productType = "com.apple.product-type.library.static";
		};
		22C5487014BF25E900C12F29 /* utils-tests */ = {
			isa = PBXNativeTarget;
			buildConfigurationList = 22C5487814BF25E900C12F29 /* Build configuration list for PBXNativeTarget "utils-tests" */;
			buildPhases = (
				22C5486D14BF25E900C12F29 /* Sources */,
				22C5486E14BF25E900C12F29 /* Frameworks */,
				22C5486F14BF25E900C12F29 /* CopyFiles */,
			);
			buildRules = (
			);
			dependencies = (
				22DD8EE714E0123200AB16B6 /* PBXTargetDependency */,
			);
			name = "utils-tests";
			productName = "utils-tests";
			productReference = 22C5487114BF25E900C12F29 /* utils-tests */;
			productType = "com.apple.product-type.tool";
		};
/* End PBXNativeTarget section */

/* Begin PBXProject section */
		22C5485714BF253200C12F29 /* Project object */ = {
			isa = PBXProject;
			attributes = {
				LastUpgradeCheck = 0460;
				ORGANIZATIONNAME = deltadev.co.uk;
			};
			buildConfigurationList = 22C5485A14BF253200C12F29 /* Build configuration list for PBXProject "dpj-utils" */;
			compatibilityVersion = "Xcode 3.2";
			developmentRegion = English;
			hasScannedForEncodings = 0;
			knownRegions = (
				en,
			);
			mainGroup = 22C5485514BF253200C12F29;
			productRefGroup = 22C5486114BF253200C12F29 /* Products */;
			projectDirPath = "";
			projectRoot = "";
			targets = (
				22C5485F14BF253200C12F29 /* dpj-utils */,
				22C5487014BF25E900C12F29 /* utils-tests */,
			);
		};
/* End PBXProject section */

/* Begin PBXSourcesBuildPhase section */
		22C5485C14BF253200C12F29 /* Sources */ = {
			isa = PBXSourcesBuildPhase;
			buildActionMask = 2147483647;
			files = (
				22C5486A14BF25A000C12F29 /* Utils.cpp in Sources */,
				22DD8EE414E001D900AB16B6 /* tests.cpp in Sources */,
			);
			runOnlyForDeploymentPostprocessing = 0;
		};
		22C5486D14BF25E900C12F29 /* Sources */ = {
			isa = PBXSourcesBuildPhase;
			buildActionMask = 2147483647;
			files = (
				22C5487514BF25E900C12F29 /* main.cpp in Sources */,
			);
			runOnlyForDeploymentPostprocessing = 0;
		};
/* End PBXSourcesBuildPhase section */

/* Begin PBXTargetDependency section */
		22DD8EE714E0123200AB16B6 /* PBXTargetDependency */ = {
			isa = PBXTargetDependency;
			target = 22C5485F14BF253200C12F29 /* dpj-utils */;
			targetProxy = 22DD8EE614E0123200AB16B6 /* PBXContainerItemProxy */;
		};
/* End PBXTargetDependency section */

/* Begin XCBuildConfiguration section */
		22C5486214BF253200C12F29 /* Debug */ = {
			isa = XCBuildConfiguration;
			buildSettings = {
				ALWAYS_SEARCH_USER_PATHS = YES;
				ARCHS = "$(ARCHS_STANDARD_64_BIT)";
				CLANG_CXX_LANGUAGE_STANDARD = "c++0x";
				CLANG_CXX_LIBRARY = "libc++";
				CLANG_WARN_CONSTANT_CONVERSION = YES;
				CLANG_WARN_ENUM_CONVERSION = YES;
				CLANG_WARN_INT_CONVERSION = YES;
				CLANG_WARN__DUPLICATE_METHOD_MATCH = YES;
				COPY_PHASE_STRIP = NO;
				GCC_C_LANGUAGE_STANDARD = gnu99;
				GCC_DYNAMIC_NO_PIC = NO;
				GCC_ENABLE_OBJC_EXCEPTIONS = YES;
				GCC_OPTIMIZATION_LEVEL = 0;
				GCC_PREPROCESSOR_DEFINITIONS = (
					"DEBUG=1",
					"$(inherited)",
				);
				GCC_SYMBOLS_PRIVATE_EXTERN = NO;
				GCC_VERSION = com.apple.compilers.llvm.clang.1_0;
				GCC_WARN_64_TO_32_BIT_CONVERSION = YES;
				GCC_WARN_ABOUT_MISSING_PROTOTYPES = YES;
				GCC_WARN_ABOUT_RETURN_TYPE = YES;
				GCC_WARN_UNINITIALIZED_AUTOS = YES;
				GCC_WARN_UNUSED_VARIABLE = YES;
				MACOSX_DEPLOYMENT_TARGET = 10.7;
				ONLY_ACTIVE_ARCH = YES;
				SDKROOT = macosx;
				USER_HEADER_SEARCH_PATHS = "$(HOME)/usr/local/include";
			};
			name = Debug;
		};
		22C5486314BF253200C12F29 /* Release */ = {
			isa = XCBuildConfiguration;
			buildSettings = {
				ALWAYS_SEARCH_USER_PATHS = YES;
				ARCHS = "$(ARCHS_STANDARD_64_BIT)";
				CLANG_CXX_LANGUAGE_STANDARD = "c++0x";
				CLANG_CXX_LIBRARY = "libc++";
				CLANG_WARN_CONSTANT_CONVERSION = YES;
				CLANG_WARN_ENUM_CONVERSION = YES;
				CLANG_WARN_INT_CONVERSION = YES;
				CLANG_WARN__DUPLICATE_METHOD_MATCH = YES;
				COPY_PHASE_STRIP = YES;
				DEBUG_INFORMATION_FORMAT = "dwarf-with-dsym";
				GCC_C_LANGUAGE_STANDARD = gnu99;
				GCC_ENABLE_OBJC_EXCEPTIONS = YES;
				GCC_OPTIMIZATION_LEVEL = 3;
				GCC_VERSION = com.apple.compilers.llvm.clang.1_0;
				GCC_WARN_64_TO_32_BIT_CONVERSION = YES;
				GCC_WARN_ABOUT_MISSING_PROTOTYPES = YES;
				GCC_WARN_ABOUT_RETURN_TYPE = YES;
				GCC_WARN_UNINITIALIZED_AUTOS = YES;
				GCC_WARN_UNUSED_VARIABLE = YES;
				MACOSX_DEPLOYMENT_TARGET = 10.7;
				SDKROOT = macosx;
				USER_HEADER_SEARCH_PATHS = "$(HOME)/usr/local/include";
			};
			name = Release;
		};
		22C5486514BF253200C12F29 /* Debug */ = {
			isa = XCBuildConfiguration;
			buildSettings = {
				CLANG_CXX_LANGUAGE_STANDARD = "c++0x";
				CLANG_CXX_LIBRARY = "libc++";
				COMBINE_HIDPI_IMAGES = YES;
				EXECUTABLE_PREFIX = lib;
				LD_DYLIB_INSTALL_NAME = "";
				PRODUCT_NAME = "$(TARGET_NAME)";
			};
			name = Debug;
		};
		22C5486614BF253200C12F29 /* Release */ = {
			isa = XCBuildConfiguration;
			buildSettings = {
				CLANG_CXX_LANGUAGE_STANDARD = "c++0x";
				CLANG_CXX_LIBRARY = "libc++";
				COMBINE_HIDPI_IMAGES = YES;
				EXECUTABLE_PREFIX = lib;
				LD_DYLIB_INSTALL_NAME = "";
				PRODUCT_NAME = "$(TARGET_NAME)";
			};
			name = Release;
		};
		22C5487914BF25E900C12F29 /* Debug */ = {
			isa = XCBuildConfiguration;
			buildSettings = {
				CLANG_CXX_LANGUAGE_STANDARD = "c++0x";
				CLANG_CXX_LIBRARY = "libc++";
				LIBRARY_SEARCH_PATHS = "";
				PRODUCT_NAME = "$(TARGET_NAME)";
			};
			name = Debug;
		};
		22C5487A14BF25E900C12F29 /* Release */ = {
			isa = XCBuildConfiguration;
			buildSettings = {
				CLANG_CXX_LANGUAGE_STANDARD = "c++0x";
				CLANG_CXX_LIBRARY = "libc++";
				LIBRARY_SEARCH_PATHS = "";
				PRODUCT_NAME = "$(TARGET_NAME)";
			};
			name = Release;
		};
/* End XCBuildConfiguration section */

/* Begin XCConfigurationList section */
		22C5485A14BF253200C12F29 /* Build configuration list for PBXProject "dpj-utils" */ = {
			isa = XCConfigurationList;
			buildConfigurations = (
				22C5486214BF253200C12F29 /* Debug */,
				22C5486314BF253200C12F29 /* Release */,
			);
			defaultConfigurationIsVisible = 0;
			defaultConfigurationName = Release;
		};
		22C5486414BF253200C12F29 /* Build configuration list for PBXNativeTarget "dpj-utils" */ = {
			isa = XCConfigurationList;
			buildConfigurations = (
				22C5486514BF253200C12F29 /* Debug */,
				22C5486614BF253200C12F29 /* Release */,
			);
			defaultConfigurationIsVisible = 0;
			defaultConfigurationName = Release;
		};
		22C5487814BF25E900C12F29 /* Build configuration list for PBXNativeTarget "utils-tests" */ = {
			isa = XCConfigurationList;
			buildConfigurations = (
				22C5487914BF25E900C12F29 /* Debug */,
				22C5487A14BF25E900C12F29 /* Release */,
			);
			defaultConfigurationIsVisible = 0;
			defaultConfigurationName = Release;
		};
/* End XCConfigurationList section */
	};
	rootObject = 22C5485714BF253200C12F29 /* Project object */;
}
