// !$*UTF8*$!
{
	archiveVersion = 1;
	classes = {
	};
	objectVersion = 46;
	objects = {

/* Begin PBXBuildFile section */
		2274FC7F16FA8CD6001FE84B /* prettyprint.hpp in Headers */ = {isa = PBXBuildFile; fileRef = 2274FC7E16FA8CD6001FE84B /* prettyprint.hpp */; };
		228AC8DE18C7942E00B34515 /* min_window.cc in Sources */ = {isa = PBXBuildFile; fileRef = 228AC8DD18C7942E00B34515 /* min_window.cc */; };
		22B5BA7618C4CE2F002443A7 /* hex_b64_convert.cc in Sources */ = {isa = PBXBuildFile; fileRef = 22B5BA6C18C4CE2F002443A7 /* hex_b64_convert.cc */; };
		22B5BA7718C4CE2F002443A7 /* hex_b64_convert.h in Headers */ = {isa = PBXBuildFile; fileRef = 22B5BA6D18C4CE2F002443A7 /* hex_b64_convert.h */; };
		22B5BA7818C4CE2F002443A7 /* histogram.hh in Headers */ = {isa = PBXBuildFile; fileRef = 22B5BA6E18C4CE2F002443A7 /* histogram.hh */; };
		22B5BA7918C4CE2F002443A7 /* indexer.hh in Headers */ = {isa = PBXBuildFile; fileRef = 22B5BA6F18C4CE2F002443A7 /* indexer.hh */; };
		22B5BA7B18C4CE2F002443A7 /* net.cc in Sources */ = {isa = PBXBuildFile; fileRef = 22B5BA7118C4CE2F002443A7 /* net.cc */; };
		22B5BA7C18C4CE2F002443A7 /* net.h in Headers */ = {isa = PBXBuildFile; fileRef = 22B5BA7218C4CE2F002443A7 /* net.h */; };
		22B5BA7D18C4CE2F002443A7 /* order.hh in Headers */ = {isa = PBXBuildFile; fileRef = 22B5BA7318C4CE2F002443A7 /* order.hh */; };
		22B5BA7E18C4CE2F002443A7 /* stats.hh in Headers */ = {isa = PBXBuildFile; fileRef = 22B5BA7418C4CE2F002443A7 /* stats.hh */; };
		22B5BA7F18C4CE2F002443A7 /* timer.hh in Headers */ = {isa = PBXBuildFile; fileRef = 22B5BA7518C4CE2F002443A7 /* timer.hh */; };
		22B5BA8918C4CE42002443A7 /* algorithms.1 in CopyFiles */ = {isa = PBXBuildFile; fileRef = 22B5BA8818C4CE42002443A7 /* algorithms.1 */; };
		22B5BA9018C78555002443A7 /* heaps.cc in Sources */ = {isa = PBXBuildFile; fileRef = 22B5BA8E18C78555002443A7 /* heaps.cc */; };
		22B5BA9318C78781002443A7 /* main.cc in Sources */ = {isa = PBXBuildFile; fileRef = 22B5BA9118C78781002443A7 /* main.cc */; };
		22B5BA9718C78A1F002443A7 /* instrumented.cpp in Sources */ = {isa = PBXBuildFile; fileRef = 22B5BA9518C78A1F002443A7 /* instrumented.cpp */; };
		22C5487514BF25E900C12F29 /* main.cpp in Sources */ = {isa = PBXBuildFile; fileRef = 22C5487414BF25E900C12F29 /* main.cpp */; };
		22C5487714BF25E900C12F29 /* utils_tests.1 in CopyFiles */ = {isa = PBXBuildFile; fileRef = 22C5487614BF25E900C12F29 /* utils_tests.1 */; };
		22C5487B14BF25FC00C12F29 /* libdpj-utils.a in Frameworks */ = {isa = PBXBuildFile; fileRef = 22C5486014BF253200C12F29 /* libdpj-utils.a */; };
		22DD8EE214DFFF9900AB16B6 /* tests.h in Headers */ = {isa = PBXBuildFile; fileRef = 22DD8EE114DFFF9900AB16B6 /* tests.h */; };
		22DD8EE414E001D900AB16B6 /* tests.cpp in Sources */ = {isa = PBXBuildFile; fileRef = 22DD8EE314E001D900AB16B6 /* tests.cpp */; };
		22E431161802F5D1001C0775 /* dpj_utils.hh in Headers */ = {isa = PBXBuildFile; fileRef = 22E431151802F5D1001C0775 /* dpj_utils.hh */; };
		22E431191802F754001C0775 /* dpj_utils.cc in Sources */ = {isa = PBXBuildFile; fileRef = 22E431171802F754001C0775 /* dpj_utils.cc */; };
		22E4311A1802F754001C0775 /* dpj_utils.h in Headers */ = {isa = PBXBuildFile; fileRef = 22E431181802F754001C0775 /* dpj_utils.h */; };
/* End PBXBuildFile section */

/* Begin PBXContainerItemProxy section */
		22DD8EE614E0123200AB16B6 /* PBXContainerItemProxy */ = {
			isa = PBXContainerItemProxy;
			containerPortal = 22C5485714BF253200C12F29 /* Project object */;
			proxyType = 1;
			remoteGlobalIDString = 22C5485F14BF253200C12F29;
			remoteInfo = "dpj-utils";
		};
/* End PBXContainerItemProxy section */

/* Begin PBXCopyFilesBuildPhase section */
		221220FF14BF47DF0048C399 /* CopyFiles */ = {
			isa = PBXCopyFilesBuildPhase;
			buildActionMask = 2147483647;
			dstPath = include;
			dstSubfolderSpec = 16;
			files = (
			);
			runOnlyForDeploymentPostprocessing = 0;
		};
		22B5BA8218C4CE42002443A7 /* CopyFiles */ = {
			isa = PBXCopyFilesBuildPhase;
			buildActionMask = 2147483647;
			dstPath = /usr/share/man/man1/;
			dstSubfolderSpec = 0;
			files = (
				22B5BA8918C4CE42002443A7 /* algorithms.1 in CopyFiles */,
			);
			runOnlyForDeploymentPostprocessing = 1;
		};
		22C5486F14BF25E900C12F29 /* CopyFiles */ = {
			isa = PBXCopyFilesBuildPhase;
			buildActionMask = 2147483647;
			dstPath = /usr/share/man/man1/;
			dstSubfolderSpec = 0;
			files = (
				22C5487714BF25E900C12F29 /* utils_tests.1 in CopyFiles */,
			);
			runOnlyForDeploymentPostprocessing = 1;
		};
/* End PBXCopyFilesBuildPhase section */

/* Begin PBXFileReference section */
		222C862218C9296200706989 /* cq.hh */ = {isa = PBXFileReference; fileEncoding = 4; lastKnownFileType = sourcecode.cpp.h; path = cq.hh; sourceTree = "<group>"; };
		2274FC7E16FA8CD6001FE84B /* prettyprint.hpp */ = {isa = PBXFileReference; fileEncoding = 4; lastKnownFileType = sourcecode.cpp.h; path = prettyprint.hpp; sourceTree = "<group>"; };
		228AC8DD18C7942E00B34515 /* min_window.cc */ = {isa = PBXFileReference; fileEncoding = 4; lastKnownFileType = sourcecode.cpp.cpp; path = min_window.cc; sourceTree = "<group>"; };
		228AC8DF18C798D600B34515 /* algo.hh */ = {isa = PBXFileReference; fileEncoding = 4; lastKnownFileType = sourcecode.cpp.h; path = algo.hh; sourceTree = "<group>"; };
		228AC8E018C7991200B34515 /* min_window.h */ = {isa = PBXFileReference; fileEncoding = 4; lastKnownFileType = sourcecode.c.h; path = min_window.h; sourceTree = "<group>"; };
		22B5BA6C18C4CE2F002443A7 /* hex_b64_convert.cc */ = {isa = PBXFileReference; fileEncoding = 4; lastKnownFileType = sourcecode.cpp.cpp; path = hex_b64_convert.cc; sourceTree = "<group>"; };
		22B5BA6D18C4CE2F002443A7 /* hex_b64_convert.h */ = {isa = PBXFileReference; fileEncoding = 4; lastKnownFileType = sourcecode.c.h; path = hex_b64_convert.h; sourceTree = "<group>"; };
		22B5BA6E18C4CE2F002443A7 /* histogram.hh */ = {isa = PBXFileReference; fileEncoding = 4; lastKnownFileType = sourcecode.cpp.h; path = histogram.hh; sourceTree = "<group>"; };
		22B5BA6F18C4CE2F002443A7 /* indexer.hh */ = {isa = PBXFileReference; fileEncoding = 4; lastKnownFileType = sourcecode.cpp.h; path = indexer.hh; sourceTree = "<group>"; };
		22B5BA7118C4CE2F002443A7 /* net.cc */ = {isa = PBXFileReference; fileEncoding = 4; lastKnownFileType = sourcecode.cpp.cpp; path = net.cc; sourceTree = "<group>"; };
		22B5BA7218C4CE2F002443A7 /* net.h */ = {isa = PBXFileReference; fileEncoding = 4; lastKnownFileType = sourcecode.c.h; path = net.h; sourceTree = "<group>"; };
		22B5BA7318C4CE2F002443A7 /* order.hh */ = {isa = PBXFileReference; fileEncoding = 4; lastKnownFileType = sourcecode.cpp.h; path = order.hh; sourceTree = "<group>"; };
		22B5BA7418C4CE2F002443A7 /* stats.hh */ = {isa = PBXFileReference; fileEncoding = 4; lastKnownFileType = sourcecode.cpp.h; path = stats.hh; sourceTree = "<group>"; };
		22B5BA7518C4CE2F002443A7 /* timer.hh */ = {isa = PBXFileReference; fileEncoding = 4; lastKnownFileType = sourcecode.cpp.h; path = timer.hh; sourceTree = "<group>"; };
		22B5BA8418C4CE42002443A7 /* algorithms */ = {isa = PBXFileReference; explicitFileType = "compiled.mach-o.executable"; includeInIndex = 0; path = algorithms; sourceTree = BUILT_PRODUCTS_DIR; };
		22B5BA8818C4CE42002443A7 /* algorithms.1 */ = {isa = PBXFileReference; lastKnownFileType = text.man; path = algorithms.1; sourceTree = "<group>"; };
		22B5BA8E18C78555002443A7 /* heaps.cc */ = {isa = PBXFileReference; fileEncoding = 4; lastKnownFileType = sourcecode.cpp.cpp; path = heaps.cc; sourceTree = "<group>"; };
		22B5BA8F18C78555002443A7 /* heaps.h */ = {isa = PBXFileReference; fileEncoding = 4; lastKnownFileType = sourcecode.c.h; path = heaps.h; sourceTree = "<group>"; };
		22B5BA9118C78781002443A7 /* main.cc */ = {isa = PBXFileReference; fileEncoding = 4; lastKnownFileType = sourcecode.cpp.cpp; path = main.cc; sourceTree = "<group>"; };
		22B5BA9518C78A1F002443A7 /* instrumented.cpp */ = {isa = PBXFileReference; fileEncoding = 4; lastKnownFileType = sourcecode.cpp.cpp; path = instrumented.cpp; sourceTree = "<group>"; };
		22B5BA9618C78A1F002443A7 /* instrumented.h */ = {isa = PBXFileReference; explicitFileType = sourcecode.cpp.h; fileEncoding = 4; path = instrumented.h; sourceTree = "<group>"; };
		22C5486014BF253200C12F29 /* libdpj-utils.a */ = {isa = PBXFileReference; explicitFileType = archive.ar; includeInIndex = 0; path = "libdpj-utils.a"; sourceTree = BUILT_PRODUCTS_DIR; };
		22C5487114BF25E900C12F29 /* utils-tests */ = {isa = PBXFileReference; explicitFileType = "compiled.mach-o.executable"; includeInIndex = 0; path = "utils-tests"; sourceTree = BUILT_PRODUCTS_DIR; };
		22C5487414BF25E900C12F29 /* main.cpp */ = {isa = PBXFileReference; lastKnownFileType = sourcecode.cpp.cpp; path = main.cpp; sourceTree = "<group>"; };
		22C5487614BF25E900C12F29 /* utils_tests.1 */ = {isa = PBXFileReference; lastKnownFileType = text.man; path = utils_tests.1; sourceTree = "<group>"; };
		22DD8EE114DFFF9900AB16B6 /* tests.h */ = {isa = PBXFileReference; fileEncoding = 4; lastKnownFileType = sourcecode.c.h; path = tests.h; sourceTree = "<group>"; };
		22DD8EE314E001D900AB16B6 /* tests.cpp */ = {isa = PBXFileReference; fileEncoding = 4; lastKnownFileType = sourcecode.cpp.cpp; path = tests.cpp; sourceTree = "<group>"; };
		22E431151802F5D1001C0775 /* dpj_utils.hh */ = {isa = PBXFileReference; fileEncoding = 4; lastKnownFileType = sourcecode.cpp.h; path = dpj_utils.hh; sourceTree = "<group>"; };
		22E431171802F754001C0775 /* dpj_utils.cc */ = {isa = PBXFileReference; fileEncoding = 4; lastKnownFileType = sourcecode.cpp.cpp; path = dpj_utils.cc; sourceTree = "<group>"; };
		22E431181802F754001C0775 /* dpj_utils.h */ = {isa = PBXFileReference; fileEncoding = 4; lastKnownFileType = sourcecode.c.h; path = dpj_utils.h; sourceTree = "<group>"; };
/* End PBXFileReference section */

/* Begin PBXFrameworksBuildPhase section */
		22B5BA8118C4CE42002443A7 /* Frameworks */ = {
			isa = PBXFrameworksBuildPhase;
			buildActionMask = 2147483647;
			files = (
			);
			runOnlyForDeploymentPostprocessing = 0;
		};
		22C5485D14BF253200C12F29 /* Frameworks */ = {
			isa = PBXFrameworksBuildPhase;
			buildActionMask = 2147483647;
			files = (
			);
			runOnlyForDeploymentPostprocessing = 0;
		};
		22C5486E14BF25E900C12F29 /* Frameworks */ = {
			isa = PBXFrameworksBuildPhase;
			buildActionMask = 2147483647;
			files = (
				22C5487B14BF25FC00C12F29 /* libdpj-utils.a in Frameworks */,
			);
			runOnlyForDeploymentPostprocessing = 0;
		};
/* End PBXFrameworksBuildPhase section */

/* Begin PBXGroup section */
		22B5BA8518C4CE42002443A7 /* algorithms */ = {
			isa = PBXGroup;
			children = (
				222C862218C9296200706989 /* cq.hh */,
				228AC8DF18C798D600B34515 /* algo.hh */,
				228AC8E018C7991200B34515 /* min_window.h */,
				228AC8DD18C7942E00B34515 /* min_window.cc */,
				22B5BA9518C78A1F002443A7 /* instrumented.cpp */,
				22B5BA9618C78A1F002443A7 /* instrumented.h */,
				22B5BA9118C78781002443A7 /* main.cc */,
				22B5BA8818C4CE42002443A7 /* algorithms.1 */,
				22B5BA8E18C78555002443A7 /* heaps.cc */,
				22B5BA8F18C78555002443A7 /* heaps.h */,
			);
			path = algorithms;
			sourceTree = "<group>";
		};
		22C5485514BF253200C12F29 = {
			isa = PBXGroup;
			children = (
				22B5BA6C18C4CE2F002443A7 /* hex_b64_convert.cc */,
				22B5BA6D18C4CE2F002443A7 /* hex_b64_convert.h */,
				22B5BA6E18C4CE2F002443A7 /* histogram.hh */,
				22B5BA6F18C4CE2F002443A7 /* indexer.hh */,
				22B5BA7118C4CE2F002443A7 /* net.cc */,
				22B5BA7218C4CE2F002443A7 /* net.h */,
				22B5BA7318C4CE2F002443A7 /* order.hh */,
				22B5BA7418C4CE2F002443A7 /* stats.hh */,
				22B5BA7518C4CE2F002443A7 /* timer.hh */,
				22E431171802F754001C0775 /* dpj_utils.cc */,
				22E431181802F754001C0775 /* dpj_utils.h */,
				22E431151802F5D1001C0775 /* dpj_utils.hh */,
				2274FC7E16FA8CD6001FE84B /* prettyprint.hpp */,
				22C5487314BF25E900C12F29 /* utils-tests */,
				22B5BA8518C4CE42002443A7 /* algorithms */,
				22C5486114BF253200C12F29 /* Products */,
			);
			sourceTree = "<group>";
		};
		22C5486114BF253200C12F29 /* Products */ = {
			isa = PBXGroup;
			children = (
				22C5486014BF253200C12F29 /* libdpj-utils.a */,
				22C5487114BF25E900C12F29 /* utils-tests */,
				22B5BA8418C4CE42002443A7 /* algorithms */,
			);
			name = Products;
			sourceTree = "<group>";
		};
		22C5487314BF25E900C12F29 /* utils-tests */ = {
			isa = PBXGroup;
			children = (
				22C5487414BF25E900C12F29 /* main.cpp */,
				22C5487614BF25E900C12F29 /* utils_tests.1 */,
				22DD8EE114DFFF9900AB16B6 /* tests.h */,
				22DD8EE314E001D900AB16B6 /* tests.cpp */,
			);
			path = "utils-tests";
			sourceTree = "<group>";
		};
/* End PBXGroup section */

/* Begin PBXHeadersBuildPhase section */
		22C5485E14BF253200C12F29 /* Headers */ = {
			isa = PBXHeadersBuildPhase;
			buildActionMask = 2147483647;
			files = (
				22B5BA7F18C4CE2F002443A7 /* timer.hh in Headers */,
				22B5BA7818C4CE2F002443A7 /* histogram.hh in Headers */,
				22E431161802F5D1001C0775 /* dpj_utils.hh in Headers */,
				22B5BA7C18C4CE2F002443A7 /* net.h in Headers */,
				22B5BA7718C4CE2F002443A7 /* hex_b64_convert.h in Headers */,
				22B5BA7918C4CE2F002443A7 /* indexer.hh in Headers */,
				22B5BA7E18C4CE2F002443A7 /* stats.hh in Headers */,
				22E4311A1802F754001C0775 /* dpj_utils.h in Headers */,
				22B5BA7D18C4CE2F002443A7 /* order.hh in Headers */,
				22DD8EE214DFFF9900AB16B6 /* tests.h in Headers */,
				2274FC7F16FA8CD6001FE84B /* prettyprint.hpp in Headers */,
			);
			runOnlyForDeploymentPostprocessing = 0;
		};
/* End PBXHeadersBuildPhase section */

/* Begin PBXNativeTarget section */
		22B5BA8318C4CE42002443A7 /* algorithms */ = {
			isa = PBXNativeTarget;
			buildConfigurationList = 22B5BA8A18C4CE42002443A7 /* Build configuration list for PBXNativeTarget "algorithms" */;
			buildPhases = (
				22B5BA8018C4CE42002443A7 /* Sources */,
				22B5BA8118C4CE42002443A7 /* Frameworks */,
				22B5BA8218C4CE42002443A7 /* CopyFiles */,
			);
			buildRules = (
			);
			dependencies = (
			);
			name = algorithms;
			productName = algorithms;
			productReference = 22B5BA8418C4CE42002443A7 /* algorithms */;
			productType = "com.apple.product-type.tool";
		};
		22C5485F14BF253200C12F29 /* dpj-utils */ = {
			isa = PBXNativeTarget;
			buildConfigurationList = 22C5486414BF253200C12F29 /* Build configuration list for PBXNativeTarget "dpj-utils" */;
			buildPhases = (
				22C5485C14BF253200C12F29 /* Sources */,
				22C5485D14BF253200C12F29 /* Frameworks */,
				22C5485E14BF253200C12F29 /* Headers */,
				221220FF14BF47DF0048C399 /* CopyFiles */,
			);
			buildRules = (
			);
			dependencies = (
			);
			name = "dpj-utils";
			productName = "dpj-utils";
			productReference = 22C5486014BF253200C12F29 /* libdpj-utils.a */;
			productType = "com.apple.product-type.library.static";
		};
		22C5487014BF25E900C12F29 /* utils-tests */ = {
			isa = PBXNativeTarget;
			buildConfigurationList = 22C5487814BF25E900C12F29 /* Build configuration list for PBXNativeTarget "utils-tests" */;
			buildPhases = (
				22C5486D14BF25E900C12F29 /* Sources */,
				22C5486E14BF25E900C12F29 /* Frameworks */,
				22C5486F14BF25E900C12F29 /* CopyFiles */,
			);
			buildRules = (
			);
			dependencies = (
				22DD8EE714E0123200AB16B6 /* PBXTargetDependency */,
			);
			name = "utils-tests";
			productName = "utils-tests";
			productReference = 22C5487114BF25E900C12F29 /* utils-tests */;
			productType = "com.apple.product-type.tool";
		};
/* End PBXNativeTarget section */

/* Begin PBXProject section */
		22C5485714BF253200C12F29 /* Project object */ = {
			isa = PBXProject;
			attributes = {
				LastUpgradeCheck = 0500;
				ORGANIZATIONNAME = deltadev.co.uk;
			};
			buildConfigurationList = 22C5485A14BF253200C12F29 /* Build configuration list for PBXProject "dpj-utils" */;
			compatibilityVersion = "Xcode 3.2";
			developmentRegion = English;
			hasScannedForEncodings = 0;
			knownRegions = (
				en,
			);
			mainGroup = 22C5485514BF253200C12F29;
			productRefGroup = 22C5486114BF253200C12F29 /* Products */;
			projectDirPath = "";
			projectRoot = "";
			targets = (
				22C5485F14BF253200C12F29 /* dpj-utils */,
				22C5487014BF25E900C12F29 /* utils-tests */,
				22B5BA8318C4CE42002443A7 /* algorithms */,
			);
		};
/* End PBXProject section */

/* Begin PBXSourcesBuildPhase section */
		22B5BA8018C4CE42002443A7 /* Sources */ = {
			isa = PBXSourcesBuildPhase;
			buildActionMask = 2147483647;
			files = (
				228AC8DE18C7942E00B34515 /* min_window.cc in Sources */,
				22B5BA9318C78781002443A7 /* main.cc in Sources */,
				22B5BA9018C78555002443A7 /* heaps.cc in Sources */,
				22B5BA9718C78A1F002443A7 /* instrumented.cpp in Sources */,
			);
			runOnlyForDeploymentPostprocessing = 0;
		};
		22C5485C14BF253200C12F29 /* Sources */ = {
			isa = PBXSourcesBuildPhase;
			buildActionMask = 2147483647;
			files = (
				22B5BA7B18C4CE2F002443A7 /* net.cc in Sources */,
				22B5BA7618C4CE2F002443A7 /* hex_b64_convert.cc in Sources */,
				22E431191802F754001C0775 /* dpj_utils.cc in Sources */,
				22DD8EE414E001D900AB16B6 /* tests.cpp in Sources */,
			);
			runOnlyForDeploymentPostprocessing = 0;
		};
		22C5486D14BF25E900C12F29 /* Sources */ = {
			isa = PBXSourcesBuildPhase;
			buildActionMask = 2147483647;
			files = (
				22C5487514BF25E900C12F29 /* main.cpp in Sources */,
			);
			runOnlyForDeploymentPostprocessing = 0;
		};
/* End PBXSourcesBuildPhase section */

/* Begin PBXTargetDependency section */
		22DD8EE714E0123200AB16B6 /* PBXTargetDependency */ = {
			isa = PBXTargetDependency;
			target = 22C5485F14BF253200C12F29 /* dpj-utils */;
			targetProxy = 22DD8EE614E0123200AB16B6 /* PBXContainerItemProxy */;
		};
/* End PBXTargetDependency section */

/* Begin XCBuildConfiguration section */
		22B5BA8B18C4CE42002443A7 /* Debug */ = {
			isa = XCBuildConfiguration;
			buildSettings = {
				ALWAYS_SEARCH_USER_PATHS = NO;
				CLANG_CXX_LANGUAGE_STANDARD = "gnu++0x";
				CLANG_ENABLE_OBJC_ARC = YES;
				CLANG_WARN_DIRECT_OBJC_ISA_USAGE = YES_ERROR;
				CLANG_WARN_OBJC_ROOT_CLASS = YES_ERROR;
				GCC_PREPROCESSOR_DEFINITIONS = (
					"DEBUG=1",
					"$(inherited)",
				);
				GCC_WARN_ABOUT_RETURN_TYPE = YES_ERROR;
				MACOSX_DEPLOYMENT_TARGET = 10.9;
				PRODUCT_NAME = "$(TARGET_NAME)";
			};
			name = Debug;
		};
		22B5BA8C18C4CE42002443A7 /* Release */ = {
			isa = XCBuildConfiguration;
			buildSettings = {
				ALWAYS_SEARCH_USER_PATHS = NO;
				CLANG_CXX_LANGUAGE_STANDARD = "gnu++0x";
				CLANG_ENABLE_OBJC_ARC = YES;
				CLANG_WARN_DIRECT_OBJC_ISA_USAGE = YES_ERROR;
				CLANG_WARN_OBJC_ROOT_CLASS = YES_ERROR;
				ENABLE_NS_ASSERTIONS = NO;
				GCC_WARN_ABOUT_RETURN_TYPE = YES_ERROR;
				MACOSX_DEPLOYMENT_TARGET = 10.9;
				PRODUCT_NAME = "$(TARGET_NAME)";
			};
			name = Release;
		};
		22C5486214BF253200C12F29 /* Debug */ = {
			isa = XCBuildConfiguration;
			buildSettings = {
				ALWAYS_SEARCH_USER_PATHS = YES;
				CLANG_CXX_LANGUAGE_STANDARD = "c++0x";
				CLANG_CXX_LIBRARY = "libc++";
				CLANG_WARN_BOOL_CONVERSION = YES;
				CLANG_WARN_CONSTANT_CONVERSION = YES;
				CLANG_WARN_EMPTY_BODY = YES;
				CLANG_WARN_ENUM_CONVERSION = YES;
				CLANG_WARN_INT_CONVERSION = YES;
				CLANG_WARN__DUPLICATE_METHOD_MATCH = YES;
				COPY_PHASE_STRIP = NO;
				GCC_C_LANGUAGE_STANDARD = gnu99;
				GCC_DYNAMIC_NO_PIC = NO;
				GCC_ENABLE_OBJC_EXCEPTIONS = YES;
				GCC_OPTIMIZATION_LEVEL = 0;
				GCC_PREPROCESSOR_DEFINITIONS = (
					"DEBUG=1",
					"$(inherited)",
				);
				GCC_SYMBOLS_PRIVATE_EXTERN = NO;
				GCC_VERSION = com.apple.compilers.llvm.clang.1_0;
				GCC_WARN_64_TO_32_BIT_CONVERSION = YES;
				GCC_WARN_ABOUT_MISSING_PROTOTYPES = YES;
				GCC_WARN_ABOUT_RETURN_TYPE = YES;
				GCC_WARN_UNDECLARED_SELECTOR = YES;
				GCC_WARN_UNINITIALIZED_AUTOS = YES;
				GCC_WARN_UNUSED_FUNCTION = YES;
				GCC_WARN_UNUSED_VARIABLE = YES;
				MACOSX_DEPLOYMENT_TARGET = 10.7;
				ONLY_ACTIVE_ARCH = YES;
				SDKROOT = macosx;
				USER_HEADER_SEARCH_PATHS = "$(HOME)/usr/local/include";
			};
			name = Debug;
		};
		22C5486314BF253200C12F29 /* Release */ = {
			isa = XCBuildConfiguration;
			buildSettings = {
				ALWAYS_SEARCH_USER_PATHS = YES;
				CLANG_CXX_LANGUAGE_STANDARD = "c++0x";
				CLANG_CXX_LIBRARY = "libc++";
				CLANG_WARN_BOOL_CONVERSION = YES;
				CLANG_WARN_CONSTANT_CONVERSION = YES;
				CLANG_WARN_EMPTY_BODY = YES;
				CLANG_WARN_ENUM_CONVERSION = YES;
				CLANG_WARN_INT_CONVERSION = YES;
				CLANG_WARN__DUPLICATE_METHOD_MATCH = YES;
				COPY_PHASE_STRIP = YES;
				DEBUG_INFORMATION_FORMAT = "dwarf-with-dsym";
				GCC_C_LANGUAGE_STANDARD = gnu99;
				GCC_ENABLE_OBJC_EXCEPTIONS = YES;
				GCC_OPTIMIZATION_LEVEL = fast;
				GCC_VERSION = com.apple.compilers.llvm.clang.1_0;
				GCC_WARN_64_TO_32_BIT_CONVERSION = YES;
				GCC_WARN_ABOUT_MISSING_PROTOTYPES = YES;
				GCC_WARN_ABOUT_RETURN_TYPE = YES;
				GCC_WARN_UNDECLARED_SELECTOR = YES;
				GCC_WARN_UNINITIALIZED_AUTOS = YES;
				GCC_WARN_UNUSED_FUNCTION = YES;
				GCC_WARN_UNUSED_VARIABLE = YES;
				MACOSX_DEPLOYMENT_TARGET = 10.7;
				SDKROOT = macosx;
				USER_HEADER_SEARCH_PATHS = "$(HOME)/usr/local/include";
			};
			name = Release;
		};
		22C5486514BF253200C12F29 /* Debug */ = {
			isa = XCBuildConfiguration;
			buildSettings = {
				CLANG_CXX_LANGUAGE_STANDARD = "c++0x";
				CLANG_CXX_LIBRARY = "libc++";
				COMBINE_HIDPI_IMAGES = YES;
				EXECUTABLE_PREFIX = lib;
				LD_DYLIB_INSTALL_NAME = "";
				PRODUCT_NAME = "$(TARGET_NAME)";
			};
			name = Debug;
		};
		22C5486614BF253200C12F29 /* Release */ = {
			isa = XCBuildConfiguration;
			buildSettings = {
				CLANG_CXX_LANGUAGE_STANDARD = "c++0x";
				CLANG_CXX_LIBRARY = "libc++";
				COMBINE_HIDPI_IMAGES = YES;
				EXECUTABLE_PREFIX = lib;
				LD_DYLIB_INSTALL_NAME = "";
				PRODUCT_NAME = "$(TARGET_NAME)";
			};
			name = Release;
		};
		22C5487914BF25E900C12F29 /* Debug */ = {
			isa = XCBuildConfiguration;
			buildSettings = {
				CLANG_CXX_LANGUAGE_STANDARD = "c++0x";
				CLANG_CXX_LIBRARY = "libc++";
				LIBRARY_SEARCH_PATHS = "";
				PRODUCT_NAME = "$(TARGET_NAME)";
			};
			name = Debug;
		};
		22C5487A14BF25E900C12F29 /* Release */ = {
			isa = XCBuildConfiguration;
			buildSettings = {
				CLANG_CXX_LANGUAGE_STANDARD = "c++0x";
				CLANG_CXX_LIBRARY = "libc++";
				LIBRARY_SEARCH_PATHS = "";
				PRODUCT_NAME = "$(TARGET_NAME)";
			};
			name = Release;
		};
/* End XCBuildConfiguration section */

/* Begin XCConfigurationList section */
		22B5BA8A18C4CE42002443A7 /* Build configuration list for PBXNativeTarget "algorithms" */ = {
			isa = XCConfigurationList;
			buildConfigurations = (
				22B5BA8B18C4CE42002443A7 /* Debug */,
				22B5BA8C18C4CE42002443A7 /* Release */,
			);
			defaultConfigurationIsVisible = 0;
			defaultConfigurationName = Release;
		};
		22C5485A14BF253200C12F29 /* Build configuration list for PBXProject "dpj-utils" */ = {
			isa = XCConfigurationList;
			buildConfigurations = (
				22C5486214BF253200C12F29 /* Debug */,
				22C5486314BF253200C12F29 /* Release */,
			);
			defaultConfigurationIsVisible = 0;
			defaultConfigurationName = Release;
		};
		22C5486414BF253200C12F29 /* Build configuration list for PBXNativeTarget "dpj-utils" */ = {
			isa = XCConfigurationList;
			buildConfigurations = (
				22C5486514BF253200C12F29 /* Debug */,
				22C5486614BF253200C12F29 /* Release */,
			);
			defaultConfigurationIsVisible = 0;
			defaultConfigurationName = Release;
		};
		22C5487814BF25E900C12F29 /* Build configuration list for PBXNativeTarget "utils-tests" */ = {
			isa = XCConfigurationList;
			buildConfigurations = (
				22C5487914BF25E900C12F29 /* Debug */,
				22C5487A14BF25E900C12F29 /* Release */,
			);
			defaultConfigurationIsVisible = 0;
			defaultConfigurationName = Release;
		};
/* End XCConfigurationList section */
	};
	rootObject = 22C5485714BF253200C12F29 /* Project object */;
}
